Microsoft Visual Studio Solution File, Format Version 12.00
# Visual Studio Version 17
VisualStudioVersion = 17.5.2.0
MinimumVisualStudioVersion = 10.0.40219.1
Project("{FAE04EC0-301F-11D3-BF4B-00C04F79EFBC}") = "KodtestCodeunit", "KodtestCodeunit.csproj", "{0BD8A0AF-B638-B5EC-3603-994C26655C5B}"
EndProject
Global
	GlobalSection(SolutionConfigurationPlatforms) = preSolution
		Debug|Any CPU = Debug|Any CPU
		Release|Any CPU = Release|Any CPU
	EndGlobalSection
	GlobalSection(ProjectConfigurationPlatforms) = postSolution
		{0BD8A0AF-B638-B5EC-3603-994C26655C5B}.Debug|Any CPU.ActiveCfg = Debug|Any CPU
		{0BD8A0AF-B638-B5EC-3603-994C26655C5B}.Debug|Any CPU.Build.0 = Debug|Any CPU
		{0BD8A0AF-B638-B5EC-3603-994C26655C5B}.Release|Any CPU.ActiveCfg = Release|Any CPU
		{0BD8A0AF-B638-B5EC-3603-994C26655C5B}.Release|Any CPU.Build.0 = Release|Any CPU
	EndGlobalSection
	GlobalSection(SolutionProperties) = preSolution
		HideSolutionNode = FALSE
	EndGlobalSection
	GlobalSection(ExtensibilityGlobals) = postSolution
		SolutionGuid = {D55D9A3C-A1BA-4568-ACD3-9415B4703D50}
	EndGlobalSection
EndGlobal
